
Microsoft Visual Studio Solution File, Format Version 12.00
# Visual Studio 15
VisualStudioVersion = 15.0.28307.902
MinimumVisualStudioVersion = 10.0.40219.1
Project("{FAE04EC0-301F-11D3-BF4B-00C04F79EFBC}") = "WebApplicationOwin", "WebApplicationOwin\WebApplicationOwin.csproj", "{C0D32249-D5A8-4A8B-8526-48077EEE7907}"
EndProject
Global
	GlobalSection(SolutionConfigurationPlatforms) = preSolution
		Debug|Any CPU = Debug|Any CPU
		Release|Any CPU = Release|Any CPU
	EndGlobalSection
	GlobalSection(ProjectConfigurationPlatforms) = postSolution
		{C0D32249-D5A8-4A8B-8526-48077EEE7907}.Debug|Any CPU.ActiveCfg = Debug|Any CPU
		{C0D32249-D5A8-4A8B-8526-48077EEE7907}.Debug|Any CPU.Build.0 = Debug|Any CPU
		{C0D32249-D5A8-4A8B-8526-48077EEE7907}.Release|Any CPU.ActiveCfg = Release|Any CPU
		{C0D32249-D5A8-4A8B-8526-48077EEE7907}.Release|Any CPU.Build.0 = Release|Any CPU
	EndGlobalSection
	GlobalSection(SolutionProperties) = preSolution
		HideSolutionNode = FALSE
	EndGlobalSection
	GlobalSection(ExtensibilityGlobals) = postSolution
		SolutionGuid = {11027CDB-0E26-426E-9CED-1B3123F5D121}
	EndGlobalSection
EndGlobal
